{
    "_readme": [
        "This file locks the dependencies of your project to a known state",
        "Read more about it at https://getcomposer.org/doc/01-basic-usage.md#installing-dependencies",
        "This file is @generated automatically"
    ],
    "content-hash": "6c163e6e4d2d5461ff3e0e4a1d2e8a97",
    "packages": [
        ... (HER BEHOLDER DU ALT FRA DIN EGEN FIL – UÆNDRET) ...
    ],
    "packages-dev": [
        ... (ALLE DINE EKSISTERENDE DEV-PAKKER HER) ...,
        {
            "name": "mockery/mockery",
            "version": "1.6.11",
            "source": {
                "type": "git",
                "url": "https://github.com/mockery/mockery.git",
                "reference": "1.6.11"
            },
            "dist": {
                "type": "zip",
                "url": "https://api.github.com/repos/mockery/mockery/zipball/1.6.11",
                "reference": "1.6.11",
                "shasum": ""
            },
            "require": {
                "php": ">=8.0"
            },
            "require-dev": {},
            "type": "library",
            "autoload": {
                "psr-4": {
                    "Mockery\\": "library/"
                }
            },
            "notification-url": "https://packagist.org/downloads/",
            "license": [
                "BSD-3-Clause"
            ],
            "authors": [
                {
                    "name": "P\u00e1draic Brady",
                    "email": "padraic.brady@gmail.com"
                }
            ],
            "description": "Mockery is a simple yet flexible PHP mock object framework for use in unit testing",
            "keywords": [
                "mock",
                "mockery",
                "test",
                "testing",
                "xUnit"
            ]
        }
    ],
    "aliases": [],
    "minimum-stability": "stable",
    "stability-flags": [],
    "prefer-stable": true,
    "prefer-lowest": false,
    "platform": {
        "php": "^8.2",
        "ext-ctype": "*",
        "ext-curl": "*",
        "ext-dom": "*",
        "ext-fileinfo": "*",
        "ext-filter": "*",
        "ext-gd": "*",
        "ext-hash": "*",
        "ext-json": "*",
        "ext-mbstring": "*",
        "ext-openssl": "*",
        "ext-pcre": "*",
        "ext-pdo": "*",
        "ext-session": "*",
        "ext-tokenizer": "*",
        "ext-xml": "*",
        "ext-zip": "*"
    },
    "platform-dev": [],
    "plugin-api-version": "2.6.0"
}
